// !$*UTF8*$!
{
	archiveVersion = 1;
	classes = {
	};
	objectVersion = 46;
	objects = {

/* Begin PBXBuildFile section */
		987184F854D0A7F90CE5C84B /* Pods_NotesSiriUI.framework in Frameworks */ = {isa = PBXBuildFile; fileRef = 84473E894908AE756A2A25CF /* Pods_NotesSiriUI.framework */; };
		A10EBFF361158DF886026D82 /* Pods_Notes.framework in Frameworks */ = {isa = PBXBuildFile; fileRef = E74567DD8A8003B731E61E6C /* Pods_Notes.framework */; };
		CD0DE7701F895EEF00E84C30 /* NotesTableViewController.swift in Sources */ = {isa = PBXBuildFile; fileRef = CD0DE76F1F895EEF00E84C30 /* NotesTableViewController.swift */; };
		CD0DE7721F8964A600E84C30 /* Note.swift in Sources */ = {isa = PBXBuildFile; fileRef = CD0DE7711F8964A600E84C30 /* Note.swift */; };
		CD0DE7741F89658700E84C30 /* NoteDetailViewController.swift in Sources */ = {isa = PBXBuildFile; fileRef = CD0DE7731F89658700E84C30 /* NoteDetailViewController.swift */; };
		CD4B0E281F899EAF00E9404D /* title.png in Resources */ = {isa = PBXBuildFile; fileRef = CD4B0E271F899B1200E9404D /* title.png */; };
		CD4B0E2A1F89AA3000E9404D /* paper.jpg in Resources */ = {isa = PBXBuildFile; fileRef = CD4B0E291F89AA2D00E9404D /* paper.jpg */; };
		CD4B0E321F89B27B00E9404D /* IntentHandler.swift in Sources */ = {isa = PBXBuildFile; fileRef = CD4B0E311F89B27B00E9404D /* IntentHandler.swift */; };
		CD4B0E3B1F89B27B00E9404D /* IntentsUI.framework in Frameworks */ = {isa = PBXBuildFile; fileRef = CD4B0E3A1F89B27B00E9404D /* IntentsUI.framework */; };
		CD4B0E3E1F89B27B00E9404D /* IntentViewController.swift in Sources */ = {isa = PBXBuildFile; fileRef = CD4B0E3D1F89B27B00E9404D /* IntentViewController.swift */; };
		CD4B0E411F89B27B00E9404D /* MainInterface.storyboard in Resources */ = {isa = PBXBuildFile; fileRef = CD4B0E3F1F89B27B00E9404D /* MainInterface.storyboard */; };
		CD4B0E451F89B27B00E9404D /* NotesSiriUI.appex in Embed App Extensions */ = {isa = PBXBuildFile; fileRef = CD4B0E381F89B27B00E9404D /* NotesSiriUI.appex */; settings = {ATTRIBUTES = (RemoveHeadersOnCopy, ); }; };
		CD4B0E481F89B27B00E9404D /* NotesSiri.appex in Embed App Extensions */ = {isa = PBXBuildFile; fileRef = CD4B0E2F1F89B27B00E9404D /* NotesSiri.appex */; settings = {ATTRIBUTES = (RemoveHeadersOnCopy, ); }; };
		CDAB6F1F1F85EB0600B3669F /* AppDelegate.swift in Sources */ = {isa = PBXBuildFile; fileRef = CDAB6F1E1F85EB0600B3669F /* AppDelegate.swift */; };
		CDAB6F241F85EB0600B3669F /* Main.storyboard in Resources */ = {isa = PBXBuildFile; fileRef = CDAB6F221F85EB0600B3669F /* Main.storyboard */; };
		CDAB6F271F85EB0600B3669F /* Notes.xcdatamodeld in Sources */ = {isa = PBXBuildFile; fileRef = CDAB6F251F85EB0600B3669F /* Notes.xcdatamodeld */; };
		CDAB6F291F85EB0600B3669F /* Assets.xcassets in Resources */ = {isa = PBXBuildFile; fileRef = CDAB6F281F85EB0600B3669F /* Assets.xcassets */; };
		CDAB6F2C1F85EB0600B3669F /* LaunchScreen.storyboard in Resources */ = {isa = PBXBuildFile; fileRef = CDAB6F2A1F85EB0600B3669F /* LaunchScreen.storyboard */; };
		FB15C4DB28E5FFA5CB51E38C /* Pods_NotesSiri.framework in Frameworks */ = {isa = PBXBuildFile; fileRef = 280AEF3B4094FFEC7717941A /* Pods_NotesSiri.framework */; };
/* End PBXBuildFile section */

/* Begin PBXContainerItemProxy section */
		CD4B0E431F89B27B00E9404D /* PBXContainerItemProxy */ = {
			isa = PBXContainerItemProxy;
			containerPortal = CDAB6F131F85EB0600B3669F /* Project object */;
			proxyType = 1;
			remoteGlobalIDString = CD4B0E371F89B27B00E9404D;
			remoteInfo = NotesSiriUI;
		};
		CD4B0E461F89B27B00E9404D /* PBXContainerItemProxy */ = {
			isa = PBXContainerItemProxy;
			containerPortal = CDAB6F131F85EB0600B3669F /* Project object */;
			proxyType = 1;
			remoteGlobalIDString = CD4B0E2E1F89B27B00E9404D;
			remoteInfo = NotesSiri;
		};
/* End PBXContainerItemProxy section */

/* Begin PBXCopyFilesBuildPhase section */
		CD4B0E4F1F89B27B00E9404D /* Embed App Extensions */ = {
			isa = PBXCopyFilesBuildPhase;
			buildActionMask = 2147483647;
			dstPath = "";
			dstSubfolderSpec = 13;
			files = (
				CD4B0E451F89B27B00E9404D /* NotesSiriUI.appex in Embed App Extensions */,
				CD4B0E481F89B27B00E9404D /* NotesSiri.appex in Embed App Extensions */,
			);
			name = "Embed App Extensions";
			runOnlyForDeploymentPostprocessing = 0;
		};
/* End PBXCopyFilesBuildPhase section */

/* Begin PBXFileReference section */
		280AEF3B4094FFEC7717941A /* Pods_NotesSiri.framework */ = {isa = PBXFileReference; explicitFileType = wrapper.framework; includeInIndex = 0; path = Pods_NotesSiri.framework; sourceTree = BUILT_PRODUCTS_DIR; };
		5C04C5882855664ABAB3EB92 /* Pods-Notes.release.xcconfig */ = {isa = PBXFileReference; includeInIndex = 1; lastKnownFileType = text.xcconfig; name = "Pods-Notes.release.xcconfig"; path = "Pods/Target Support Files/Pods-Notes/Pods-Notes.release.xcconfig"; sourceTree = "<group>"; };
		6440152D68D6C2AF0C8CE1EB /* Pods-NotesSiriUI.release.xcconfig */ = {isa = PBXFileReference; includeInIndex = 1; lastKnownFileType = text.xcconfig; name = "Pods-NotesSiriUI.release.xcconfig"; path = "Pods/Target Support Files/Pods-NotesSiriUI/Pods-NotesSiriUI.release.xcconfig"; sourceTree = "<group>"; };
		84473E894908AE756A2A25CF /* Pods_NotesSiriUI.framework */ = {isa = PBXFileReference; explicitFileType = wrapper.framework; includeInIndex = 0; path = Pods_NotesSiriUI.framework; sourceTree = BUILT_PRODUCTS_DIR; };
		9E5F236AB8E2A51D3D761477 /* Pods-NotesSiri.debug.xcconfig */ = {isa = PBXFileReference; includeInIndex = 1; lastKnownFileType = text.xcconfig; name = "Pods-NotesSiri.debug.xcconfig"; path = "Pods/Target Support Files/Pods-NotesSiri/Pods-NotesSiri.debug.xcconfig"; sourceTree = "<group>"; };
		C59F377D5799C8F7C79ACA40 /* Pods-NotesSiri.release.xcconfig */ = {isa = PBXFileReference; includeInIndex = 1; lastKnownFileType = text.xcconfig; name = "Pods-NotesSiri.release.xcconfig"; path = "Pods/Target Support Files/Pods-NotesSiri/Pods-NotesSiri.release.xcconfig"; sourceTree = "<group>"; };
		CD0DE76F1F895EEF00E84C30 /* NotesTableViewController.swift */ = {isa = PBXFileReference; fileEncoding = 4; lastKnownFileType = sourcecode.swift; path = NotesTableViewController.swift; sourceTree = "<group>"; };
		CD0DE7711F8964A600E84C30 /* Note.swift */ = {isa = PBXFileReference; fileEncoding = 4; lastKnownFileType = sourcecode.swift; path = Note.swift; sourceTree = "<group>"; };
		CD0DE7731F89658700E84C30 /* NoteDetailViewController.swift */ = {isa = PBXFileReference; fileEncoding = 4; lastKnownFileType = sourcecode.swift; path = NoteDetailViewController.swift; sourceTree = "<group>"; };
		CD4B0E1E1F8996C200E9404D /* 1024.png */ = {isa = PBXFileReference; lastKnownFileType = image.png; path = 1024.png; sourceTree = "<group>"; };
		CD4B0E1F1F8996C200E9404D /* 120.png */ = {isa = PBXFileReference; lastKnownFileType = image.png; path = 120.png; sourceTree = "<group>"; };
		CD4B0E201F8996C200E9404D /* 180.png */ = {isa = PBXFileReference; lastKnownFileType = image.png; path = 180.png; sourceTree = "<group>"; };
		CD4B0E211F8996C200E9404D /* 40.png */ = {isa = PBXFileReference; lastKnownFileType = image.png; path = 40.png; sourceTree = "<group>"; };
		CD4B0E221F8996C200E9404D /* 58.png */ = {isa = PBXFileReference; lastKnownFileType = image.png; path = 58.png; sourceTree = "<group>"; };
		CD4B0E231F8996C200E9404D /* 60.png */ = {isa = PBXFileReference; lastKnownFileType = image.png; path = 60.png; sourceTree = "<group>"; };
		CD4B0E241F8996C200E9404D /* 80.png */ = {isa = PBXFileReference; lastKnownFileType = image.png; path = 80.png; sourceTree = "<group>"; };
		CD4B0E251F8996C200E9404D /* 87.png */ = {isa = PBXFileReference; lastKnownFileType = image.png; path = 87.png; sourceTree = "<group>"; };
		CD4B0E271F899B1200E9404D /* title.png */ = {isa = PBXFileReference; lastKnownFileType = image.png; path = title.png; sourceTree = "<group>"; };
		CD4B0E291F89AA2D00E9404D /* paper.jpg */ = {isa = PBXFileReference; lastKnownFileType = image.jpeg; path = paper.jpg; sourceTree = "<group>"; };
		CD4B0E2F1F89B27B00E9404D /* NotesSiri.appex */ = {isa = PBXFileReference; explicitFileType = "wrapper.app-extension"; includeInIndex = 0; path = NotesSiri.appex; sourceTree = BUILT_PRODUCTS_DIR; };
		CD4B0E311F89B27B00E9404D /* IntentHandler.swift */ = {isa = PBXFileReference; lastKnownFileType = sourcecode.swift; path = IntentHandler.swift; sourceTree = "<group>"; };
		CD4B0E331F89B27B00E9404D /* Info.plist */ = {isa = PBXFileReference; lastKnownFileType = text.plist.xml; path = Info.plist; sourceTree = "<group>"; };
		CD4B0E381F89B27B00E9404D /* NotesSiriUI.appex */ = {isa = PBXFileReference; explicitFileType = "wrapper.app-extension"; includeInIndex = 0; path = NotesSiriUI.appex; sourceTree = BUILT_PRODUCTS_DIR; };
		CD4B0E3A1F89B27B00E9404D /* IntentsUI.framework */ = {isa = PBXFileReference; lastKnownFileType = wrapper.framework; name = IntentsUI.framework; path = System/Library/Frameworks/IntentsUI.framework; sourceTree = SDKROOT; };
		CD4B0E3D1F89B27B00E9404D /* IntentViewController.swift */ = {isa = PBXFileReference; lastKnownFileType = sourcecode.swift; path = IntentViewController.swift; sourceTree = "<group>"; };
		CD4B0E401F89B27B00E9404D /* Base */ = {isa = PBXFileReference; lastKnownFileType = file.storyboard; name = Base; path = Base.lproj/MainInterface.storyboard; sourceTree = "<group>"; };
		CD4B0E421F89B27B00E9404D /* Info.plist */ = {isa = PBXFileReference; lastKnownFileType = text.plist.xml; path = Info.plist; sourceTree = "<group>"; };
		CD4B0E601F89CB4600E9404D /* GoogleService-Info.plist */ = {isa = PBXFileReference; lastKnownFileType = text.plist.xml; path = "GoogleService-Info.plist"; sourceTree = "<group>"; };
		CDAB6F1B1F85EB0600B3669F /* Notes.app */ = {isa = PBXFileReference; explicitFileType = wrapper.application; includeInIndex = 0; path = Notes.app; sourceTree = BUILT_PRODUCTS_DIR; };
		CDAB6F1E1F85EB0600B3669F /* AppDelegate.swift */ = {isa = PBXFileReference; lastKnownFileType = sourcecode.swift; path = AppDelegate.swift; sourceTree = "<group>"; };
		CDAB6F231F85EB0600B3669F /* Base */ = {isa = PBXFileReference; lastKnownFileType = file.storyboard; name = Base; path = Base.lproj/Main.storyboard; sourceTree = "<group>"; };
		CDAB6F261F85EB0600B3669F /* Notes.xcdatamodel */ = {isa = PBXFileReference; lastKnownFileType = wrapper.xcdatamodel; path = Notes.xcdatamodel; sourceTree = "<group>"; };
		CDAB6F281F85EB0600B3669F /* Assets.xcassets */ = {isa = PBXFileReference; lastKnownFileType = folder.assetcatalog; path = Assets.xcassets; sourceTree = "<group>"; };
		CDAB6F2B1F85EB0600B3669F /* Base */ = {isa = PBXFileReference; lastKnownFileType = file.storyboard; name = Base; path = Base.lproj/LaunchScreen.storyboard; sourceTree = "<group>"; };
		CDAB6F2D1F85EB0600B3669F /* Info.plist */ = {isa = PBXFileReference; lastKnownFileType = text.plist.xml; path = Info.plist; sourceTree = "<group>"; };
		E74567DD8A8003B731E61E6C /* Pods_Notes.framework */ = {isa = PBXFileReference; explicitFileType = wrapper.framework; includeInIndex = 0; path = Pods_Notes.framework; sourceTree = BUILT_PRODUCTS_DIR; };
		EE910AA94D15A453CC1C550F /* Pods-Notes.debug.xcconfig */ = {isa = PBXFileReference; includeInIndex = 1; lastKnownFileType = text.xcconfig; name = "Pods-Notes.debug.xcconfig"; path = "Pods/Target Support Files/Pods-Notes/Pods-Notes.debug.xcconfig"; sourceTree = "<group>"; };
		F08005A2FBAB53448FDF05A8 /* Pods-NotesSiriUI.debug.xcconfig */ = {isa = PBXFileReference; includeInIndex = 1; lastKnownFileType = text.xcconfig; name = "Pods-NotesSiriUI.debug.xcconfig"; path = "Pods/Target Support Files/Pods-NotesSiriUI/Pods-NotesSiriUI.debug.xcconfig"; sourceTree = "<group>"; };
/* End PBXFileReference section */

/* Begin PBXFrameworksBuildPhase section */
		CD4B0E2C1F89B27B00E9404D /* Frameworks */ = {
			isa = PBXFrameworksBuildPhase;
			buildActionMask = 2147483647;
			files = (
				FB15C4DB28E5FFA5CB51E38C /* Pods_NotesSiri.framework in Frameworks */,
			);
			runOnlyForDeploymentPostprocessing = 0;
		};
		CD4B0E351F89B27B00E9404D /* Frameworks */ = {
			isa = PBXFrameworksBuildPhase;
			buildActionMask = 2147483647;
			files = (
				CD4B0E3B1F89B27B00E9404D /* IntentsUI.framework in Frameworks */,
				987184F854D0A7F90CE5C84B /* Pods_NotesSiriUI.framework in Frameworks */,
			);
			runOnlyForDeploymentPostprocessing = 0;
		};
		CDAB6F181F85EB0600B3669F /* Frameworks */ = {
			isa = PBXFrameworksBuildPhase;
			buildActionMask = 2147483647;
			files = (
				A10EBFF361158DF886026D82 /* Pods_Notes.framework in Frameworks */,
			);
			runOnlyForDeploymentPostprocessing = 0;
		};
/* End PBXFrameworksBuildPhase section */

/* Begin PBXGroup section */
		B0A4375B3A8411431E369939 /* Pods */ = {
			isa = PBXGroup;
			children = (
				EE910AA94D15A453CC1C550F /* Pods-Notes.debug.xcconfig */,
				5C04C5882855664ABAB3EB92 /* Pods-Notes.release.xcconfig */,
				9E5F236AB8E2A51D3D761477 /* Pods-NotesSiri.debug.xcconfig */,
				C59F377D5799C8F7C79ACA40 /* Pods-NotesSiri.release.xcconfig */,
				F08005A2FBAB53448FDF05A8 /* Pods-NotesSiriUI.debug.xcconfig */,
				6440152D68D6C2AF0C8CE1EB /* Pods-NotesSiriUI.release.xcconfig */,
			);
			name = Pods;
			sourceTree = "<group>";
		};
		CD0DE76E1F895E0E00E84C30 /* Supporting Files */ = {
			isa = PBXGroup;
			children = (
				CDAB6F1E1F85EB0600B3669F /* AppDelegate.swift */,
				CDAB6F281F85EB0600B3669F /* Assets.xcassets */,
				CDAB6F2A1F85EB0600B3669F /* LaunchScreen.storyboard */,
				CDAB6F2D1F85EB0600B3669F /* Info.plist */,
				CDAB6F251F85EB0600B3669F /* Notes.xcdatamodeld */,
			);
			name = "Supporting Files";
			sourceTree = "<group>";
		};
		CD4B0E1D1F8996C200E9404D /* Icon */ = {
			isa = PBXGroup;
			children = (
				CD4B0E1E1F8996C200E9404D /* 1024.png */,
				CD4B0E1F1F8996C200E9404D /* 120.png */,
				CD4B0E201F8996C200E9404D /* 180.png */,
				CD4B0E211F8996C200E9404D /* 40.png */,
				CD4B0E221F8996C200E9404D /* 58.png */,
				CD4B0E231F8996C200E9404D /* 60.png */,
				CD4B0E241F8996C200E9404D /* 80.png */,
				CD4B0E251F8996C200E9404D /* 87.png */,
			);
			path = Icon;
			sourceTree = "<group>";
		};
		CD4B0E261F899B1200E9404D /* Other Pic */ = {
			isa = PBXGroup;
			children = (
				CD4B0E291F89AA2D00E9404D /* paper.jpg */,
				CD4B0E271F899B1200E9404D /* title.png */,
			);
			path = "Other Pic";
			sourceTree = "<group>";
		};
		CD4B0E301F89B27B00E9404D /* NotesSiri */ = {
			isa = PBXGroup;
			children = (
				CD4B0E311F89B27B00E9404D /* IntentHandler.swift */,
				CD4B0E331F89B27B00E9404D /* Info.plist */,
			);
			path = NotesSiri;
			sourceTree = "<group>";
		};
		CD4B0E391F89B27B00E9404D /* Frameworks */ = {
			isa = PBXGroup;
			children = (
				CD4B0E3A1F89B27B00E9404D /* IntentsUI.framework */,
				E74567DD8A8003B731E61E6C /* Pods_Notes.framework */,
				280AEF3B4094FFEC7717941A /* Pods_NotesSiri.framework */,
				84473E894908AE756A2A25CF /* Pods_NotesSiriUI.framework */,
			);
			name = Frameworks;
			sourceTree = "<group>";
		};
		CD4B0E3C1F89B27B00E9404D /* NotesSiriUI */ = {
			isa = PBXGroup;
			children = (
				CD4B0E3D1F89B27B00E9404D /* IntentViewController.swift */,
				CD4B0E3F1F89B27B00E9404D /* MainInterface.storyboard */,
				CD4B0E421F89B27B00E9404D /* Info.plist */,
			);
			path = NotesSiriUI;
			sourceTree = "<group>";
		};
		CDAB6F121F85EB0600B3669F = {
			isa = PBXGroup;
			children = (
				CDAB6F1D1F85EB0600B3669F /* Notes */,
				CD4B0E301F89B27B00E9404D /* NotesSiri */,
				CD4B0E3C1F89B27B00E9404D /* NotesSiriUI */,
				CD4B0E391F89B27B00E9404D /* Frameworks */,
				CDAB6F1C1F85EB0600B3669F /* Products */,
				B0A4375B3A8411431E369939 /* Pods */,
			);
			sourceTree = "<group>";
		};
		CDAB6F1C1F85EB0600B3669F /* Products */ = {
			isa = PBXGroup;
			children = (
				CDAB6F1B1F85EB0600B3669F /* Notes.app */,
				CD4B0E2F1F89B27B00E9404D /* NotesSiri.appex */,
				CD4B0E381F89B27B00E9404D /* NotesSiriUI.appex */,
			);
			name = Products;
			sourceTree = "<group>";
		};
		CDAB6F1D1F85EB0600B3669F /* Notes */ = {
			isa = PBXGroup;
			children = (
				CD0DE7711F8964A600E84C30 /* Note.swift */,
				CD0DE76F1F895EEF00E84C30 /* NotesTableViewController.swift */,
				CD0DE7731F89658700E84C30 /* NoteDetailViewController.swift */,
				CDAB6F221F85EB0600B3669F /* Main.storyboard */,
				CD4B0E601F89CB4600E9404D /* GoogleService-Info.plist */,
				CD4B0E261F899B1200E9404D /* Other Pic */,
				CD4B0E1D1F8996C200E9404D /* Icon */,
				CD0DE76E1F895E0E00E84C30 /* Supporting Files */,
			);
			path = Notes;
			sourceTree = "<group>";
		};
/* End PBXGroup section */

/* Begin PBXNativeTarget section */
		CD4B0E2E1F89B27B00E9404D /* NotesSiri */ = {
			isa = PBXNativeTarget;
			buildConfigurationList = CD4B0E4C1F89B27B00E9404D /* Build configuration list for PBXNativeTarget "NotesSiri" */;
			buildPhases = (
				20FA2634DBE6805E06D50378 /* [CP] Check Pods Manifest.lock */,
				CD4B0E2B1F89B27B00E9404D /* Sources */,
				CD4B0E2C1F89B27B00E9404D /* Frameworks */,
				CD4B0E2D1F89B27B00E9404D /* Resources */,
				29BE08B535D6096B63DDE83F /* [CP] Copy Pods Resources */,
			);
			buildRules = (
			);
			dependencies = (
			);
			name = NotesSiri;
			productName = NotesSiri;
			productReference = CD4B0E2F1F89B27B00E9404D /* NotesSiri.appex */;
			productType = "com.apple.product-type.app-extension";
		};
		CD4B0E371F89B27B00E9404D /* NotesSiriUI */ = {
			isa = PBXNativeTarget;
			buildConfigurationList = CD4B0E491F89B27B00E9404D /* Build configuration list for PBXNativeTarget "NotesSiriUI" */;
			buildPhases = (
				AC401D92786EE1FAEABFA735 /* [CP] Check Pods Manifest.lock */,
				CD4B0E341F89B27B00E9404D /* Sources */,
				CD4B0E351F89B27B00E9404D /* Frameworks */,
				CD4B0E361F89B27B00E9404D /* Resources */,
				A918F24DDEFE6134FB6EEA55 /* [CP] Copy Pods Resources */,
			);
			buildRules = (
			);
			dependencies = (
			);
			name = NotesSiriUI;
			productName = NotesSiriUI;
			productReference = CD4B0E381F89B27B00E9404D /* NotesSiriUI.appex */;
			productType = "com.apple.product-type.app-extension";
		};
		CDAB6F1A1F85EB0600B3669F /* Notes */ = {
			isa = PBXNativeTarget;
			buildConfigurationList = CDAB6F301F85EB0600B3669F /* Build configuration list for PBXNativeTarget "Notes" */;
			buildPhases = (
				8F077D31FDB3CD7FCF11259F /* [CP] Check Pods Manifest.lock */,
				CDAB6F171F85EB0600B3669F /* Sources */,
				CDAB6F181F85EB0600B3669F /* Frameworks */,
				CDAB6F191F85EB0600B3669F /* Resources */,
				CD4B0E4F1F89B27B00E9404D /* Embed App Extensions */,
				8352C9D8100401C172777A79 /* [CP] Embed Pods Frameworks */,
				8BF187537273DA31D8E0692C /* [CP] Copy Pods Resources */,
			);
			buildRules = (
			);
			dependencies = (
				CD4B0E441F89B27B00E9404D /* PBXTargetDependency */,
				CD4B0E471F89B27B00E9404D /* PBXTargetDependency */,
			);
			name = Notes;
			productName = Notes;
			productReference = CDAB6F1B1F85EB0600B3669F /* Notes.app */;
			productType = "com.apple.product-type.application";
		};
/* End PBXNativeTarget section */

/* Begin PBXProject section */
		CDAB6F131F85EB0600B3669F /* Project object */ = {
			isa = PBXProject;
			attributes = {
				LastSwiftUpdateCheck = 0900;
				LastUpgradeCheck = 0900;
				ORGANIZATIONNAME = Mariya;
				TargetAttributes = {
					CD4B0E2E1F89B27B00E9404D = {
						CreatedOnToolsVersion = 9.0;
						DevelopmentTeam = 77PLT8T8S2;
						ProvisioningStyle = Automatic;
					};
					CD4B0E371F89B27B00E9404D = {
						CreatedOnToolsVersion = 9.0;
						DevelopmentTeam = 77PLT8T8S2;
						ProvisioningStyle = Automatic;
					};
					CDAB6F1A1F85EB0600B3669F = {
						CreatedOnToolsVersion = 8.3.3;
						DevelopmentTeam = 77PLT8T8S2;
						LastSwiftMigration = 0900;
						ProvisioningStyle = Automatic;
					};
				};
			};
			buildConfigurationList = CDAB6F161F85EB0600B3669F /* Build configuration list for PBXProject "Notes" */;
			compatibilityVersion = "Xcode 3.2";
			developmentRegion = English;
			hasScannedForEncodings = 0;
			knownRegions = (
				en,
				Base,
			);
			mainGroup = CDAB6F121F85EB0600B3669F;
			productRefGroup = CDAB6F1C1F85EB0600B3669F /* Products */;
			projectDirPath = "";
			projectRoot = "";
			targets = (
				CDAB6F1A1F85EB0600B3669F /* Notes */,
				CD4B0E2E1F89B27B00E9404D /* NotesSiri */,
				CD4B0E371F89B27B00E9404D /* NotesSiriUI */,
			);
		};
/* End PBXProject section */

/* Begin PBXResourcesBuildPhase section */
		CD4B0E2D1F89B27B00E9404D /* Resources */ = {
			isa = PBXResourcesBuildPhase;
			buildActionMask = 2147483647;
			files = (
			);
			runOnlyForDeploymentPostprocessing = 0;
		};
		CD4B0E361F89B27B00E9404D /* Resources */ = {
			isa = PBXResourcesBuildPhase;
			buildActionMask = 2147483647;
			files = (
				CD4B0E411F89B27B00E9404D /* MainInterface.storyboard in Resources */,
			);
			runOnlyForDeploymentPostprocessing = 0;
		};
		CDAB6F191F85EB0600B3669F /* Resources */ = {
			isa = PBXResourcesBuildPhase;
			buildActionMask = 2147483647;
			files = (
				CDAB6F2C1F85EB0600B3669F /* LaunchScreen.storyboard in Resources */,
				CD4B0E2A1F89AA3000E9404D /* paper.jpg in Resources */,
				CDAB6F291F85EB0600B3669F /* Assets.xcassets in Resources */,
				CD4B0E281F899EAF00E9404D /* title.png in Resources */,
				CDAB6F241F85EB0600B3669F /* Main.storyboard in Resources */,
			);
			runOnlyForDeploymentPostprocessing = 0;
		};
/* End PBXResourcesBuildPhase section */

/* Begin PBXShellScriptBuildPhase section */
		20FA2634DBE6805E06D50378 /* [CP] Check Pods Manifest.lock */ = {
			isa = PBXShellScriptBuildPhase;
			buildActionMask = 2147483647;
			files = (
			);
			inputPaths = (
			);
			name = "[CP] Check Pods Manifest.lock";
			outputPaths = (
			);
			runOnlyForDeploymentPostprocessing = 0;
			shellPath = /bin/sh;
			shellScript = "diff \"${PODS_PODFILE_DIR_PATH}/Podfile.lock\" \"${PODS_ROOT}/Manifest.lock\" > /dev/null\nif [ $? != 0 ] ; then\n    # print error to STDERR\n    echo \"error: The sandbox is not in sync with the Podfile.lock. Run 'pod install' or update your CocoaPods installation.\" >&2\n    exit 1\nfi\n";
			showEnvVarsInLog = 0;
		};
		29BE08B535D6096B63DDE83F /* [CP] Copy Pods Resources */ = {
			isa = PBXShellScriptBuildPhase;
			buildActionMask = 2147483647;
			files = (
			);
			inputPaths = (
			);
			name = "[CP] Copy Pods Resources";
			outputPaths = (
			);
			runOnlyForDeploymentPostprocessing = 0;
			shellPath = /bin/sh;
			shellScript = "\"${SRCROOT}/Pods/Target Support Files/Pods-NotesSiri/Pods-NotesSiri-resources.sh\"\n";
			showEnvVarsInLog = 0;
		};
		8352C9D8100401C172777A79 /* [CP] Embed Pods Frameworks */ = {
			isa = PBXShellScriptBuildPhase;
			buildActionMask = 2147483647;
			files = (
			);
			inputPaths = (
			);
			name = "[CP] Embed Pods Frameworks";
			outputPaths = (
			);
			runOnlyForDeploymentPostprocessing = 0;
			shellPath = /bin/sh;
			shellScript = "\"${SRCROOT}/Pods/Target Support Files/Pods-Notes/Pods-Notes-frameworks.sh\"\n";
			showEnvVarsInLog = 0;
		};
		8BF187537273DA31D8E0692C /* [CP] Copy Pods Resources */ = {
			isa = PBXShellScriptBuildPhase;
			buildActionMask = 2147483647;
			files = (
			);
			inputPaths = (
			);
			name = "[CP] Copy Pods Resources";
			outputPaths = (
			);
			runOnlyForDeploymentPostprocessing = 0;
			shellPath = /bin/sh;
			shellScript = "\"${SRCROOT}/Pods/Target Support Files/Pods-Notes/Pods-Notes-resources.sh\"\n";
			showEnvVarsInLog = 0;
		};
		8F077D31FDB3CD7FCF11259F /* [CP] Check Pods Manifest.lock */ = {
			isa = PBXShellScriptBuildPhase;
			buildActionMask = 2147483647;
			files = (
			);
			inputPaths = (
			);
			name = "[CP] Check Pods Manifest.lock";
			outputPaths = (
			);
			runOnlyForDeploymentPostprocessing = 0;
			shellPath = /bin/sh;
			shellScript = "diff \"${PODS_PODFILE_DIR_PATH}/Podfile.lock\" \"${PODS_ROOT}/Manifest.lock\" > /dev/null\nif [ $? != 0 ] ; then\n    # print error to STDERR\n    echo \"error: The sandbox is not in sync with the Podfile.lock. Run 'pod install' or update your CocoaPods installation.\" >&2\n    exit 1\nfi\n";
			showEnvVarsInLog = 0;
		};
		A918F24DDEFE6134FB6EEA55 /* [CP] Copy Pods Resources */ = {
			isa = PBXShellScriptBuildPhase;
			buildActionMask = 2147483647;
			files = (
			);
			inputPaths = (
			);
			name = "[CP] Copy Pods Resources";
			outputPaths = (
			);
			runOnlyForDeploymentPostprocessing = 0;
			shellPath = /bin/sh;
			shellScript = "\"${SRCROOT}/Pods/Target Support Files/Pods-NotesSiriUI/Pods-NotesSiriUI-resources.sh\"\n";
			showEnvVarsInLog = 0;
		};
		AC401D92786EE1FAEABFA735 /* [CP] Check Pods Manifest.lock */ = {
			isa = PBXShellScriptBuildPhase;
			buildActionMask = 2147483647;
			files = (
			);
			inputPaths = (
			);
			name = "[CP] Check Pods Manifest.lock";
			outputPaths = (
			);
			runOnlyForDeploymentPostprocessing = 0;
			shellPath = /bin/sh;
			shellScript = "diff \"${PODS_PODFILE_DIR_PATH}/Podfile.lock\" \"${PODS_ROOT}/Manifest.lock\" > /dev/null\nif [ $? != 0 ] ; then\n    # print error to STDERR\n    echo \"error: The sandbox is not in sync with the Podfile.lock. Run 'pod install' or update your CocoaPods installation.\" >&2\n    exit 1\nfi\n";
			showEnvVarsInLog = 0;
		};
/* End PBXShellScriptBuildPhase section */

/* Begin PBXSourcesBuildPhase section */
		CD4B0E2B1F89B27B00E9404D /* Sources */ = {
			isa = PBXSourcesBuildPhase;
			buildActionMask = 2147483647;
			files = (
				CD4B0E321F89B27B00E9404D /* IntentHandler.swift in Sources */,
			);
			runOnlyForDeploymentPostprocessing = 0;
		};
		CD4B0E341F89B27B00E9404D /* Sources */ = {
			isa = PBXSourcesBuildPhase;
			buildActionMask = 2147483647;
			files = (
				CD4B0E3E1F89B27B00E9404D /* IntentViewController.swift in Sources */,
			);
			runOnlyForDeploymentPostprocessing = 0;
		};
		CDAB6F171F85EB0600B3669F /* Sources */ = {
			isa = PBXSourcesBuildPhase;
			buildActionMask = 2147483647;
			files = (
				CDAB6F271F85EB0600B3669F /* Notes.xcdatamodeld in Sources */,
				CDAB6F1F1F85EB0600B3669F /* AppDelegate.swift in Sources */,
				CD0DE7741F89658700E84C30 /* NoteDetailViewController.swift in Sources */,
				CD0DE7701F895EEF00E84C30 /* NotesTableViewController.swift in Sources */,
				CD0DE7721F8964A600E84C30 /* Note.swift in Sources */,
			);
			runOnlyForDeploymentPostprocessing = 0;
		};
/* End PBXSourcesBuildPhase section */

/* Begin PBXTargetDependency section */
		CD4B0E441F89B27B00E9404D /* PBXTargetDependency */ = {
			isa = PBXTargetDependency;
			target = CD4B0E371F89B27B00E9404D /* NotesSiriUI */;
			targetProxy = CD4B0E431F89B27B00E9404D /* PBXContainerItemProxy */;
		};
		CD4B0E471F89B27B00E9404D /* PBXTargetDependency */ = {
			isa = PBXTargetDependency;
			target = CD4B0E2E1F89B27B00E9404D /* NotesSiri */;
			targetProxy = CD4B0E461F89B27B00E9404D /* PBXContainerItemProxy */;
		};
/* End PBXTargetDependency section */

/* Begin PBXVariantGroup section */
		CD4B0E3F1F89B27B00E9404D /* MainInterface.storyboard */ = {
			isa = PBXVariantGroup;
			children = (
				CD4B0E401F89B27B00E9404D /* Base */,
			);
			name = MainInterface.storyboard;
			sourceTree = "<group>";
		};
		CDAB6F221F85EB0600B3669F /* Main.storyboard */ = {
			isa = PBXVariantGroup;
			children = (
				CDAB6F231F85EB0600B3669F /* Base */,
			);
			name = Main.storyboard;
			sourceTree = "<group>";
		};
		CDAB6F2A1F85EB0600B3669F /* LaunchScreen.storyboard */ = {
			isa = PBXVariantGroup;
			children = (
				CDAB6F2B1F85EB0600B3669F /* Base */,
			);
			name = LaunchScreen.storyboard;
			sourceTree = "<group>";
		};
/* End PBXVariantGroup section */

/* Begin XCBuildConfiguration section */
		CD4B0E4A1F89B27B00E9404D /* Debug */ = {
			isa = XCBuildConfiguration;
			baseConfigurationReference = F08005A2FBAB53448FDF05A8 /* Pods-NotesSiriUI.debug.xcconfig */;
			buildSettings = {
				CLANG_CXX_LANGUAGE_STANDARD = "gnu++14";
				CLANG_WARN_UNGUARDED_AVAILABILITY = YES_AGGRESSIVE;
				CODE_SIGN_IDENTITY = "iPhone Developer";
				CODE_SIGN_STYLE = Automatic;
				DEVELOPMENT_TEAM = 77PLT8T8S2;
				GCC_C_LANGUAGE_STANDARD = gnu11;
				INFOPLIST_FILE = NotesSiriUI/Info.plist;
				LD_RUNPATH_SEARCH_PATHS = "$(inherited) @executable_path/Frameworks @executable_path/../../Frameworks";
				PRODUCT_BUNDLE_IDENTIFIER = m.Notes.NotesSiriUI;
				PRODUCT_NAME = "$(TARGET_NAME)";
				SKIP_INSTALL = YES;
				SWIFT_VERSION = 4.0;
				TARGETED_DEVICE_FAMILY = 1;
			};
			name = Debug;
		};
		CD4B0E4B1F89B27B00E9404D /* Release */ = {
			isa = XCBuildConfiguration;
			baseConfigurationReference = 6440152D68D6C2AF0C8CE1EB /* Pods-NotesSiriUI.release.xcconfig */;
			buildSettings = {
				CLANG_CXX_LANGUAGE_STANDARD = "gnu++14";
				CLANG_WARN_UNGUARDED_AVAILABILITY = YES_AGGRESSIVE;
				CODE_SIGN_IDENTITY = "iPhone Developer";
				CODE_SIGN_STYLE = Automatic;
				DEVELOPMENT_TEAM = 77PLT8T8S2;
				GCC_C_LANGUAGE_STANDARD = gnu11;
				INFOPLIST_FILE = NotesSiriUI/Info.plist;
				LD_RUNPATH_SEARCH_PATHS = "$(inherited) @executable_path/Frameworks @executable_path/../../Frameworks";
				PRODUCT_BUNDLE_IDENTIFIER = m.Notes.NotesSiriUI;
				PRODUCT_NAME = "$(TARGET_NAME)";
				SKIP_INSTALL = YES;
				SWIFT_VERSION = 4.0;
				TARGETED_DEVICE_FAMILY = 1;
			};
			name = Release;
		};
		CD4B0E4D1F89B27B00E9404D /* Debug */ = {
			isa = XCBuildConfiguration;
			baseConfigurationReference = 9E5F236AB8E2A51D3D761477 /* Pods-NotesSiri.debug.xcconfig */;
			buildSettings = {
				CLANG_CXX_LANGUAGE_STANDARD = "gnu++14";
				CLANG_WARN_UNGUARDED_AVAILABILITY = YES_AGGRESSIVE;
				CODE_SIGN_IDENTITY = "iPhone Developer";
				CODE_SIGN_STYLE = Automatic;
				DEVELOPMENT_TEAM = 77PLT8T8S2;
				GCC_C_LANGUAGE_STANDARD = gnu11;
				INFOPLIST_FILE = NotesSiri/Info.plist;
				LD_RUNPATH_SEARCH_PATHS = "$(inherited) @executable_path/Frameworks @executable_path/../../Frameworks";
				PRODUCT_BUNDLE_IDENTIFIER = m.Notes.NotesSiri;
				PRODUCT_NAME = "$(TARGET_NAME)";
				SKIP_INSTALL = YES;
				SWIFT_VERSION = 4.0;
				TARGETED_DEVICE_FAMILY = 1;
			};
			name = Debug;
		};
		CD4B0E4E1F89B27B00E9404D /* Release */ = {
			isa = XCBuildConfiguration;
			baseConfigurationReference = C59F377D5799C8F7C79ACA40 /* Pods-NotesSiri.release.xcconfig */;
			buildSettings = {
				CLANG_CXX_LANGUAGE_STANDARD = "gnu++14";
				CLANG_WARN_UNGUARDED_AVAILABILITY = YES_AGGRESSIVE;
				CODE_SIGN_IDENTITY = "iPhone Developer";
				CODE_SIGN_STYLE = Automatic;
				DEVELOPMENT_TEAM = 77PLT8T8S2;
				GCC_C_LANGUAGE_STANDARD = gnu11;
				INFOPLIST_FILE = NotesSiri/Info.plist;
				LD_RUNPATH_SEARCH_PATHS = "$(inherited) @executable_path/Frameworks @executable_path/../../Frameworks";
				PRODUCT_BUNDLE_IDENTIFIER = m.Notes.NotesSiri;
				PRODUCT_NAME = "$(TARGET_NAME)";
				SKIP_INSTALL = YES;
				SWIFT_VERSION = 4.0;
				TARGETED_DEVICE_FAMILY = 1;
			};
			name = Release;
		};
		CDAB6F2E1F85EB0600B3669F /* Debug */ = {
			isa = XCBuildConfiguration;
			buildSettings = {
				ALWAYS_SEARCH_USER_PATHS = NO;
				CLANG_ANALYZER_NONNULL = YES;
				CLANG_ANALYZER_NUMBER_OBJECT_CONVERSION = YES_AGGRESSIVE;
				CLANG_CXX_LANGUAGE_STANDARD = "gnu++0x";
				CLANG_CXX_LIBRARY = "libc++";
				CLANG_ENABLE_MODULES = YES;
				CLANG_ENABLE_OBJC_ARC = YES;
				CLANG_WARN_BLOCK_CAPTURE_AUTORELEASING = YES;
				CLANG_WARN_BOOL_CONVERSION = YES;
				CLANG_WARN_COMMA = YES;
				CLANG_WARN_CONSTANT_CONVERSION = YES;
				CLANG_WARN_DIRECT_OBJC_ISA_USAGE = YES_ERROR;
				CLANG_WARN_DOCUMENTATION_COMMENTS = YES;
				CLANG_WARN_EMPTY_BODY = YES;
				CLANG_WARN_ENUM_CONVERSION = YES;
				CLANG_WARN_INFINITE_RECURSION = YES;
				CLANG_WARN_INT_CONVERSION = YES;
				CLANG_WARN_NON_LITERAL_NULL_CONVERSION = YES;
				CLANG_WARN_OBJC_LITERAL_CONVERSION = YES;
				CLANG_WARN_OBJC_ROOT_CLASS = YES_ERROR;
				CLANG_WARN_RANGE_LOOP_ANALYSIS = YES;
				CLANG_WARN_STRICT_PROTOTYPES = YES;
				CLANG_WARN_SUSPICIOUS_MOVE = YES;
				CLANG_WARN_UNREACHABLE_CODE = YES;
				CLANG_WARN__DUPLICATE_METHOD_MATCH = YES;
				"CODE_SIGN_IDENTITY[sdk=iphoneos*]" = "iPhone Developer";
				COPY_PHASE_STRIP = NO;
				DEBUG_INFORMATION_FORMAT = dwarf;
				ENABLE_STRICT_OBJC_MSGSEND = YES;
				ENABLE_TESTABILITY = YES;
				GCC_C_LANGUAGE_STANDARD = gnu99;
				GCC_DYNAMIC_NO_PIC = NO;
				GCC_NO_COMMON_BLOCKS = YES;
				GCC_OPTIMIZATION_LEVEL = 0;
				GCC_PREPROCESSOR_DEFINITIONS = (
					"DEBUG=1",
					"$(inherited)",
				);
				GCC_WARN_64_TO_32_BIT_CONVERSION = YES;
				GCC_WARN_ABOUT_RETURN_TYPE = YES_ERROR;
				GCC_WARN_UNDECLARED_SELECTOR = YES;
				GCC_WARN_UNINITIALIZED_AUTOS = YES_AGGRESSIVE;
				GCC_WARN_UNUSED_FUNCTION = YES;
				GCC_WARN_UNUSED_VARIABLE = YES;
				IPHONEOS_DEPLOYMENT_TARGET = 11.0;
				MTL_ENABLE_DEBUG_INFO = YES;
				ONLY_ACTIVE_ARCH = YES;
				SDKROOT = iphoneos;
				SWIFT_ACTIVE_COMPILATION_CONDITIONS = DEBUG;
				SWIFT_OPTIMIZATION_LEVEL = "-Onone";
			};
			name = Debug;
		};
		CDAB6F2F1F85EB0600B3669F /* Release */ = {
			isa = XCBuildConfiguration;
			buildSettings = {
				ALWAYS_SEARCH_USER_PATHS = NO;
				CLANG_ANALYZER_NONNULL = YES;
				CLANG_ANALYZER_NUMBER_OBJECT_CONVERSION = YES_AGGRESSIVE;
				CLANG_CXX_LANGUAGE_STANDARD = "gnu++0x";
				CLANG_CXX_LIBRARY = "libc++";
				CLANG_ENABLE_MODULES = YES;
				CLANG_ENABLE_OBJC_ARC = YES;
				CLANG_WARN_BLOCK_CAPTURE_AUTORELEASING = YES;
				CLANG_WARN_BOOL_CONVERSION = YES;
				CLANG_WARN_COMMA = YES;
				CLANG_WARN_CONSTANT_CONVERSION = YES;
				CLANG_WARN_DIRECT_OBJC_ISA_USAGE = YES_ERROR;
				CLANG_WARN_DOCUMENTATION_COMMENTS = YES;
				CLANG_WARN_EMPTY_BODY = YES;
				CLANG_WARN_ENUM_CONVERSION = YES;
				CLANG_WARN_INFINITE_RECURSION = YES;
				CLANG_WARN_INT_CONVERSION = YES;
				CLANG_WARN_NON_LITERAL_NULL_CONVERSION = YES;
				CLANG_WARN_OBJC_LITERAL_CONVERSION = YES;
				CLANG_WARN_OBJC_ROOT_CLASS = YES_ERROR;
				CLANG_WARN_RANGE_LOOP_ANALYSIS = YES;
				CLANG_WARN_STRICT_PROTOTYPES = YES;
				CLANG_WARN_SUSPICIOUS_MOVE = YES;
				CLANG_WARN_UNREACHABLE_CODE = YES;
				CLANG_WARN__DUPLICATE_METHOD_MATCH = YES;
				"CODE_SIGN_IDENTITY[sdk=iphoneos*]" = "iPhone Developer";
				COPY_PHASE_STRIP = NO;
				DEBUG_INFORMATION_FORMAT = "dwarf-with-dsym";
				ENABLE_NS_ASSERTIONS = NO;
				ENABLE_STRICT_OBJC_MSGSEND = YES;
				GCC_C_LANGUAGE_STANDARD = gnu99;
				GCC_NO_COMMON_BLOCKS = YES;
				GCC_WARN_64_TO_32_BIT_CONVERSION = YES;
				GCC_WARN_ABOUT_RETURN_TYPE = YES_ERROR;
				GCC_WARN_UNDECLARED_SELECTOR = YES;
				GCC_WARN_UNINITIALIZED_AUTOS = YES_AGGRESSIVE;
				GCC_WARN_UNUSED_FUNCTION = YES;
				GCC_WARN_UNUSED_VARIABLE = YES;
				IPHONEOS_DEPLOYMENT_TARGET = 11.0;
				MTL_ENABLE_DEBUG_INFO = NO;
				SDKROOT = iphoneos;
				SWIFT_OPTIMIZATION_LEVEL = "-Owholemodule";
				VALIDATE_PRODUCT = YES;
			};
			name = Release;
		};
		CDAB6F311F85EB0600B3669F /* Debug */ = {
			isa = XCBuildConfiguration;
			baseConfigurationReference = EE910AA94D15A453CC1C550F /* Pods-Notes.debug.xcconfig */;
			buildSettings = {
				ALWAYS_EMBED_SWIFT_STANDARD_LIBRARIES = YES;
				ASSETCATALOG_COMPILER_APPICON_NAME = AppIcon;
				CODE_SIGN_IDENTITY = "iPhone Developer";
				DEVELOPMENT_TEAM = 77PLT8T8S2;
				INFOPLIST_FILE = Notes/Info.plist;
				LD_RUNPATH_SEARCH_PATHS = "$(inherited) @executable_path/Frameworks";
				PRODUCT_BUNDLE_IDENTIFIER = m.Notes;
				PRODUCT_NAME = "$(TARGET_NAME)";
				SWIFT_SWIFT3_OBJC_INFERENCE = On;
				SWIFT_VERSION = 4.0;
			};
			name = Debug;
		};
		CDAB6F321F85EB0600B3669F /* Release */ = {
			isa = XCBuildConfiguration;
			baseConfigurationReference = 5C04C5882855664ABAB3EB92 /* Pods-Notes.release.xcconfig */;
			buildSettings = {
				ALWAYS_EMBED_SWIFT_STANDARD_LIBRARIES = YES;
				ASSETCATALOG_COMPILER_APPICON_NAME = AppIcon;
				CODE_SIGN_IDENTITY = "iPhone Developer";
				DEVELOPMENT_TEAM = 77PLT8T8S2;
				INFOPLIST_FILE = Notes/Info.plist;
				LD_RUNPATH_SEARCH_PATHS = "$(inherited) @executable_path/Frameworks";
				PRODUCT_BUNDLE_IDENTIFIER = m.Notes;
				PRODUCT_NAME = "$(TARGET_NAME)";
				SWIFT_SWIFT3_OBJC_INFERENCE = On;
				SWIFT_VERSION = 4.0;
			};
			name = Release;
		};
/* End XCBuildConfiguration section */

/* Begin XCConfigurationList section */
		CD4B0E491F89B27B00E9404D /* Build configuration list for PBXNativeTarget "NotesSiriUI" */ = {
			isa = XCConfigurationList;
			buildConfigurations = (
				CD4B0E4A1F89B27B00E9404D /* Debug */,
				CD4B0E4B1F89B27B00E9404D /* Release */,
			);
			defaultConfigurationIsVisible = 0;
			defaultConfigurationName = Release;
		};
		CD4B0E4C1F89B27B00E9404D /* Build configuration list for PBXNativeTarget "NotesSiri" */ = {
			isa = XCConfigurationList;
			buildConfigurations = (
				CD4B0E4D1F89B27B00E9404D /* Debug */,
				CD4B0E4E1F89B27B00E9404D /* Release */,
			);
			defaultConfigurationIsVisible = 0;
			defaultConfigurationName = Release;
		};
		CDAB6F161F85EB0600B3669F /* Build configuration list for PBXProject "Notes" */ = {
			isa = XCConfigurationList;
			buildConfigurations = (
				CDAB6F2E1F85EB0600B3669F /* Debug */,
				CDAB6F2F1F85EB0600B3669F /* Release */,
			);
			defaultConfigurationIsVisible = 0;
			defaultConfigurationName = Release;
		};
		CDAB6F301F85EB0600B3669F /* Build configuration list for PBXNativeTarget "Notes" */ = {
			isa = XCConfigurationList;
			buildConfigurations = (
				CDAB6F311F85EB0600B3669F /* Debug */,
				CDAB6F321F85EB0600B3669F /* Release */,
			);
			defaultConfigurationIsVisible = 0;
			defaultConfigurationName = Release;
		};
/* End XCConfigurationList section */

/* Begin XCVersionGroup section */
		CDAB6F251F85EB0600B3669F /* Notes.xcdatamodeld */ = {
			isa = XCVersionGroup;
			children = (
				CDAB6F261F85EB0600B3669F /* Notes.xcdatamodel */,
			);
			currentVersion = CDAB6F261F85EB0600B3669F /* Notes.xcdatamodel */;
			path = Notes.xcdatamodeld;
			sourceTree = "<group>";
			versionGroupType = wrapper.xcdatamodel;
		};
/* End XCVersionGroup section */
	};
	rootObject = CDAB6F131F85EB0600B3669F /* Project object */;
}
